
Microsoft Visual Studio Solution File, Format Version 12.00
# Visual Studio Version 16
VisualStudioVersion = 16.0.30804.86
MinimumVisualStudioVersion = 10.0.40219.1
Project("{9A19103F-16F7-4668-BE54-9A1E7A4F7556}") = "TestThing2", "TestThing2.csproj", "{35FE7622-434F-4029-BFB7-59E80B3A6AB3}"
EndProject
Global
	GlobalSection(SolutionConfigurationPlatforms) = preSolution
		Debug|Any CPU = Debug|Any CPU
		Release|Any CPU = Release|Any CPU
	EndGlobalSection
	GlobalSection(ProjectConfigurationPlatforms) = postSolution
		{35FE7622-434F-4029-BFB7-59E80B3A6AB3}.Debug|Any CPU.ActiveCfg = Debug|Any CPU
		{35FE7622-434F-4029-BFB7-59E80B3A6AB3}.Debug|Any CPU.Build.0 = Debug|Any CPU
		{35FE7622-434F-4029-BFB7-59E80B3A6AB3}.Release|Any CPU.ActiveCfg = Release|Any CPU
		{35FE7622-434F-4029-BFB7-59E80B3A6AB3}.Release|Any CPU.Build.0 = Release|Any CPU
	EndGlobalSection
	GlobalSection(SolutionProperties) = preSolution
		HideSolutionNode = FALSE
	EndGlobalSection
	GlobalSection(ExtensibilityGlobals) = postSolution
		SolutionGuid = {A3E142FB-222A-410B-8D4F-114E66467083}
	EndGlobalSection
EndGlobal
